
Microsoft Visual Studio Solution File, Format Version 12.00
# Visual Studio Version 16
VisualStudioVersion = 16.0.31613.86
MinimumVisualStudioVersion = 10.0.40219.1
Project("{FAE04EC0-301F-11D3-BF4B-00C04F79EFBC}") = "Vehicles.Common", "Vehiculos.Common\Vehicles.Common.csproj", "{236FF6FB-0258-4D60-BF57-9F50486C0CAA}"
EndProject
Project("{FAE04EC0-301F-11D3-BF4B-00C04F79EFBC}") = "Vehicles.API", "Vehiculos.API\Vehicles.API.csproj", "{026D979B-5BEC-4C31-80C9-2F1DB7C513D7}"
EndProject
Global
	GlobalSection(SolutionConfigurationPlatforms) = preSolution
		Debug|Any CPU = Debug|Any CPU
		Release|Any CPU = Release|Any CPU
	EndGlobalSection
	GlobalSection(ProjectConfigurationPlatforms) = postSolution
		{236FF6FB-0258-4D60-BF57-9F50486C0CAA}.Debug|Any CPU.ActiveCfg = Debug|Any CPU
		{236FF6FB-0258-4D60-BF57-9F50486C0CAA}.Debug|Any CPU.Build.0 = Debug|Any CPU
		{236FF6FB-0258-4D60-BF57-9F50486C0CAA}.Release|Any CPU.ActiveCfg = Release|Any CPU
		{236FF6FB-0258-4D60-BF57-9F50486C0CAA}.Release|Any CPU.Build.0 = Release|Any CPU
		{026D979B-5BEC-4C31-80C9-2F1DB7C513D7}.Debug|Any CPU.ActiveCfg = Debug|Any CPU
		{026D979B-5BEC-4C31-80C9-2F1DB7C513D7}.Debug|Any CPU.Build.0 = Debug|Any CPU
		{026D979B-5BEC-4C31-80C9-2F1DB7C513D7}.Release|Any CPU.ActiveCfg = Release|Any CPU
		{026D979B-5BEC-4C31-80C9-2F1DB7C513D7}.Release|Any CPU.Build.0 = Release|Any CPU
	EndGlobalSection
	GlobalSection(SolutionProperties) = preSolution
		HideSolutionNode = FALSE
	EndGlobalSection
	GlobalSection(ExtensibilityGlobals) = postSolution
		SolutionGuid = {BCC5F9CF-4055-4C81-96F3-787D2385DD5C}
	EndGlobalSection
EndGlobal
